GIT
  remote: git://github.com/puppetlabs/puppetlabs-concat.git
  ref: 1.0.0
  sha: 04356974f72b90a1d0f57346a00e95a717924e43
  specs:
    concat (1.0.0)

GITHUBTARBALL
  remote: alphagov/puppet-python
  specs:
    python (1.1.2)

GITHUBTARBALL
  remote: boxen/puppet-alfred
  specs:
    alfred (1.1.7)

GITHUBTARBALL
  remote: boxen/puppet-android
  specs:
    android (1.1.0)

GITHUBTARBALL
  remote: boxen/puppet-boxen
  specs:
    boxen (3.4.2)

GITHUBTARBALL
  remote: boxen/puppet-caffeine
  specs:
    caffeine (1.0.0)

GITHUBTARBALL
  remote: boxen/puppet-chrome
  specs:
    chrome (1.1.2)

GITHUBTARBALL
  remote: boxen/puppet-clojure
  specs:
    clojure (1.2.0)

GITHUBTARBALL
  remote: boxen/puppet-colloquy
  specs:
    colloquy (1.0.0)

GITHUBTARBALL
  remote: boxen/puppet-cord
  specs:
    cord (1.0.0)

GITHUBTARBALL
  remote: boxen/puppet-dnsmasq
  specs:
    dnsmasq (1.0.1)

GITHUBTARBALL
  remote: boxen/puppet-dropbox
  specs:
    dropbox (1.2.0)

GITHUBTARBALL
  remote: boxen/puppet-evernote
  specs:
    evernote (2.0.5)

GITHUBTARBALL
  remote: boxen/puppet-firefox
  specs:
    firefox (1.1.8)

GITHUBTARBALL
  remote: boxen/puppet-fitbit
  specs:
    fitbit (1.0.0)

GITHUBTARBALL
  remote: boxen/puppet-flux
  specs:
    flux (1.0.0)

GITHUBTARBALL
  remote: boxen/puppet-foreman
  specs:
    foreman (1.1.0)

GITHUBTARBALL
  remote: boxen/puppet-gcc
  specs:
    gcc (2.0.99)

GITHUBTARBALL
  remote: boxen/puppet-git
  specs:
    git (1.3.7)

GITHUBTARBALL
  remote: boxen/puppet-gitx
  specs:
    gitx (1.2.0)

GITHUBTARBALL
  remote: boxen/puppet-go
  specs:
    go (2.0.1)

GITHUBTARBALL
  remote: boxen/puppet-heroku
  specs:
    heroku (2.1.1)

GITHUBTARBALL
  remote: boxen/puppet-homebrew
  specs:
    homebrew (1.6.0)

GITHUBTARBALL
  remote: boxen/puppet-hub
  specs:
    hub (1.3.0)

GITHUBTARBALL
  remote: boxen/puppet-intellij
  specs:
    intellij (1.4.0)

GITHUBTARBALL
  remote: boxen/puppet-istatmenus4
  specs:
    istatmenus4 (1.1.0)

GITHUBTARBALL
  remote: boxen/puppet-iterm2
  specs:
    iterm2 (1.0.6)

GITHUBTARBALL
  remote: boxen/puppet-java
  specs:
    java (1.2.0)

GITHUBTARBALL
  remote: boxen/puppet-keyremap4macbook
  specs:
    keyremap4macbook (1.2.1)

GITHUBTARBALL
  remote: boxen/puppet-macvim
  specs:
    macvim (1.0.0)

GITHUBTARBALL
  remote: boxen/puppet-mou
  specs:
    mou (1.1.3)

GITHUBTARBALL
  remote: boxen/puppet-mysql
  specs:
    mysql (1.2.0)

GITHUBTARBALL
  remote: boxen/puppet-nginx
  specs:
    nginx (1.4.3)

GITHUBTARBALL
  remote: boxen/puppet-nodejs
  specs:
    nodejs (3.5.0)

GITHUBTARBALL
  remote: boxen/puppet-notational_velocity
  specs:
    notational_velocity (1.1.1)

GITHUBTARBALL
  remote: boxen/puppet-omnifocus
  specs:
    omnifocus (1.0.1)

GITHUBTARBALL
  remote: boxen/puppet-onepassword
  specs:
    onepassword (1.1.0)

GITHUBTARBALL
  remote: boxen/puppet-openssl
  specs:
    openssl (1.0.0)

GITHUBTARBALL
  remote: boxen/puppet-osx
  specs:
    osx (2.2.2)

GITHUBTARBALL
  remote: boxen/puppet-packer
  specs:
    packer (1.1.0)

GITHUBTARBALL
  remote: boxen/puppet-phantomjs
  specs:
    phantomjs (2.1.0)

GITHUBTARBALL
  remote: boxen/puppet-pkgconfig
  specs:
    pkgconfig (1.0.0)

GITHUBTARBALL
  remote: boxen/puppet-postgresql
  specs:
    postgresql (3.0.1)

GITHUBTARBALL
  remote: boxen/puppet-pycharm
  specs:
    pycharm (1.0.4)

GITHUBTARBALL
  remote: boxen/puppet-qt
  specs:
    qt (1.2.2)

GITHUBTARBALL
  remote: boxen/puppet-repository
  specs:
    repository (2.3.0)

GITHUBTARBALL
  remote: boxen/puppet-ruby
  specs:
    ruby (7.1.6)

GITHUBTARBALL
  remote: boxen/puppet-rubymine
  specs:
    rubymine (1.1.0)

GITHUBTARBALL
  remote: boxen/puppet-screen
  specs:
    screen (1.0.0)

GITHUBTARBALL
  remote: boxen/puppet-sizeup
  specs:
    sizeup (1.0.0)

GITHUBTARBALL
  remote: boxen/puppet-skype
  specs:
    skype (1.0.8)

GITHUBTARBALL
  remote: boxen/puppet-slate
  specs:
    slate (1.0.0)

GITHUBTARBALL
  remote: boxen/puppet-sparrow
  specs:
    sparrow (1.0.0)

GITHUBTARBALL
  remote: boxen/puppet-spectacle
  specs:
    spectacle (1.0.0)

GITHUBTARBALL
  remote: boxen/puppet-spotify
  specs:
    spotify (1.0.1)

GITHUBTARBALL
  remote: boxen/puppet-sublime_text_2
  specs:
    sublime_text_2 (1.1.2)

GITHUBTARBALL
  remote: boxen/puppet-sudo
  specs:
    sudo (1.0.0)

GITHUBTARBALL
  remote: boxen/puppet-sysctl
  specs:
    sysctl (1.0.0)

GITHUBTARBALL
  remote: boxen/puppet-textmate
  specs:
    textmate (1.1.0)

GITHUBTARBALL
  remote: boxen/puppet-things
  specs:
    things (1.0.1)

GITHUBTARBALL
  remote: boxen/puppet-transmission
  specs:
    transmission (1.1.0)

GITHUBTARBALL
  remote: boxen/puppet-vagrant
  specs:
    vagrant (3.0.4)

GITHUBTARBALL
  remote: boxen/puppet-vim
  specs:
    vim (1.0.5)

GITHUBTARBALL
  remote: boxen/puppet-vmware_fusion
  specs:
    vmware_fusion (1.1.0)

GITHUBTARBALL
  remote: boxen/puppet-wget
  specs:
    wget (1.0.1)

GITHUBTARBALL
  remote: boxen/puppet-xquartz
  specs:
    xquartz (1.1.1)

GITHUBTARBALL
  remote: boxen/puppet-zsh
  specs:
    zsh (1.0.0)

GITHUBTARBALL
  remote: bradleywright/puppet-emacs
  specs:
    emacs (1.1.6)

GITHUBTARBALL
  remote: bradleywright/puppet-emacs-keybindings
  specs:
    emacs-keybindings (1.0.0)

GITHUBTARBALL
  remote: bradleywright/puppet-stay
  specs:
    stay (1.0.0)

GITHUBTARBALL
  remote: bradleywright/puppet-x-dispatch
  specs:
    x-dispatch (1.0.1)

GITHUBTARBALL
  remote: dieterdemeyer/puppet-adium
  specs:
    adium (1.3.0)

GITHUBTARBALL
  remote: dieterdemeyer/puppet-controlplane
  specs:
    controlplane (1.1.0)

GITHUBTARBALL
  remote: dieterdemeyer/puppet-github_for_mac
  specs:
    github_for_mac (1.3.0)

GITHUBTARBALL
  remote: dieterdemeyer/puppet-launchbar
  specs:
    launchbar (1.2.0)

GITHUBTARBALL
  remote: dieterdemeyer/puppet-unarchiver
  specs:
    unarchiver (1.3.0)

GITHUBTARBALL
  remote: gblair/puppet-googledrive
  specs:
    googledrive (1.0.2)

GITHUBTARBALL
  remote: geetarista/puppet-mplayerx
  specs:
    mplayerx (1.0.0)

GITHUBTARBALL
  remote: glarizza/puppet-property_list_key
  specs:
    property_list_key (0.2.0)

GITHUBTARBALL
  remote: jabley/puppet-banshee
  specs:
    banshee (1.1.0)

GITHUBTARBALL
  remote: jasonamyers/puppet-libreoffice
  specs:
    libreoffice (4.0.3)

GITHUBTARBALL
  remote: norm/puppet-antirsi
  specs:
    antirsi (1.0.1)

GITHUBTARBALL
  remote: norm/puppet-camino
  specs:
    camino (1.0.1)

GITHUBTARBALL
  remote: norm/puppet-monocle
  specs:
    monocle (1.0.0)

GITHUBTARBALL
  remote: puppetlabs/puppetlabs-inifile
  specs:
    inifile (1.0.0)

GITHUBTARBALL
  remote: puppetlabs/puppetlabs-stdlib
  specs:
    stdlib (4.1.0)

GITHUBTARBALL
  remote: ripienaar/puppet-module-data
  specs:
    module-data (0.0.1)

GITHUBTARBALL
  remote: samjsharpe/puppet-ohmyzsh
  specs:
    ohmyzsh (1.0.0)

GITHUBTARBALL
  remote: samjsharpe/puppet-spf13vim3
  specs:
    spf13vim3 (1.0.0)

GITHUBTARBALL
  remote: technicalpickles/puppet-propane
  specs:
    propane (0.0.1)

DEPENDENCIES
  adium (= 1.3.0)
  alfred (= 1.1.7)
  android (= 1.1.0)
  antirsi (= 1.0.1)
  banshee (= 1.1.0)
  boxen (= 3.4.2)
  caffeine (= 1.0.0)
  camino (= 1.0.1)
  chrome (= 1.1.2)
  clojure (= 1.2.0)
  colloquy (= 1.0.0)
  concat (= 1.0.0)
  controlplane (= 1.1.0)
  cord (= 1.0.0)
  dnsmasq (= 1.0.1)
  dropbox (= 1.2.0)
  emacs (= 1.1.6)
  emacs-keybindings (= 1.0.0)
  evernote (= 2.0.5)
  firefox (= 1.1.8)
  fitbit (= 1.0.0)
  flux (= 1.0.0)
  foreman (= 1.1.0)
  gcc (= 2.0.99)
  git (= 1.3.7)
  github_for_mac (= 1.3.0)
  gitx (= 1.2.0)
  go (= 2.0.1)
  googledrive (= 1.0.2)
  heroku (= 2.1.1)
  homebrew (= 1.6.0)
  hub (= 1.3.0)
  inifile (= 1.0.0)
  intellij (= 1.4.0)
  istatmenus4 (= 1.1.0)
  iterm2 (= 1.0.6)
  java (= 1.2.0)
  keyremap4macbook (= 1.2.1)
  launchbar (= 1.2.0)
  libreoffice (= 4.0.3)
  macvim (= 1.0.0)
  module-data (= 0.0.1)
  monocle (= 1.0.0)
  mou (= 1.1.3)
  mplayerx (= 1.0.0)
  mysql (= 1.2.0)
  nginx (= 1.4.3)
  nodejs (= 3.5.0)
  notational_velocity (= 1.1.1)
  ohmyzsh (= 1.0.0)
  omnifocus (= 1.0.1)
  onepassword (= 1.1.0)
  openssl (= 1.0.0)
  osx (= 2.2.2)
  packer (= 1.1.0)
  phantomjs (= 2.1.0)
  pkgconfig (= 1.0.0)
  postgresql (= 3.0.1)
  propane (= 0.0.1)
  property_list_key (= 0.2.0)
  pycharm (= 1.0.4)
  python (= 1.1.2)
  qt (= 1.2.2)
  repository (= 2.3.0)
  ruby (= 7.1.6)
  rubymine (= 1.1.0)
  screen (= 1.0.0)
  sizeup (= 1.0.0)
  skype (= 1.0.8)
  slate (= 1.0.0)
  sparrow (= 1.0.0)
  spectacle (= 1.0.0)
  spf13vim3 (= 1.0.0)
  spotify (= 1.0.1)
  stay (= 1.0.0)
  stdlib (= 4.1.0)
  sublime_text_2 (= 1.1.2)
  sudo (= 1.0.0)
  sysctl (= 1.0.0)
  textmate (= 1.1.0)
  things (= 1.0.1)
  transmission (= 1.1.0)
  unarchiver (= 1.3.0)
  vagrant (= 3.0.4)
  vim (= 1.0.5)
  vmware_fusion (= 1.1.0)
  wget (= 1.0.1)
  x-dispatch (= 1.0.1)
  xquartz (= 1.1.1)
  zsh (= 1.0.0)

